// !$*UTF8*$!
{
	archiveVersion = 1;
	classes = {
	};
	objectVersion = 46;
	objects = {

/* Begin PBXBuildFile section */
		F252DD401EBEBC840001936F /* AppDelegate.swift in Sources */ = {isa = PBXBuildFile; fileRef = F252DD3F1EBEBC840001936F /* AppDelegate.swift */; };
		F252DD421EBEBC840001936F /* ViewController.swift in Sources */ = {isa = PBXBuildFile; fileRef = F252DD411EBEBC840001936F /* ViewController.swift */; };
		F252DD451EBEBC840001936F /* Main.storyboard in Resources */ = {isa = PBXBuildFile; fileRef = F252DD431EBEBC840001936F /* Main.storyboard */; };
		F252DD471EBEBC840001936F /* Assets.xcassets in Resources */ = {isa = PBXBuildFile; fileRef = F252DD461EBEBC840001936F /* Assets.xcassets */; };
		F252DD4A1EBEBC840001936F /* LaunchScreen.storyboard in Resources */ = {isa = PBXBuildFile; fileRef = F252DD481EBEBC840001936F /* LaunchScreen.storyboard */; };
/* End PBXBuildFile section */

/* Begin PBXFileReference section */
		F252DD3C1EBEBC840001936F /* LuYin.app */ = {isa = PBXFileReference; explicitFileType = wrapper.application; includeInIndex = 0; path = LuYin.app; sourceTree = BUILT_PRODUCTS_DIR; };
		F252DD3F1EBEBC840001936F /* AppDelegate.swift */ = {isa = PBXFileReference; lastKnownFileType = sourcecode.swift; path = AppDelegate.swift; sourceTree = "<group>"; };
		F252DD411EBEBC840001936F /* ViewController.swift */ = {isa = PBXFileReference; lastKnownFileType = sourcecode.swift; path = ViewController.swift; sourceTree = "<group>"; };
		F252DD441EBEBC840001936F /* Base */ = {isa = PBXFileReference; lastKnownFileType = file.storyboard; name = Base; path = Base.lproj/Main.storyboard; sourceTree = "<group>"; };
		F252DD461EBEBC840001936F /* Assets.xcassets */ = {isa = PBXFileReference; lastKnownFileType = folder.assetcatalog; path = Assets.xcassets; sourceTree = "<group>"; };
		F252DD491EBEBC840001936F /* Base */ = {isa = PBXFileReference; lastKnownFileType = file.storyboard; name = Base; path = Base.lproj/LaunchScreen.storyboard; sourceTree = "<group>"; };
		F252DD4B1EBEBC840001936F /* Info.plist */ = {isa = PBXFileReference; lastKnownFileType = text.plist.xml; path = Info.plist; sourceTree = "<group>"; };
/* End PBXFileReference section */

/* Begin PBXFrameworksBuildPhase section */
		F252DD391EBEBC840001936F /* Frameworks */ = {
			isa = PBXFrameworksBuildPhase;
			buildActionMask = 2147483647;
			files = (
			);
			runOnlyForDeploymentPostprocessing = 0;
		};
/* End PBXFrameworksBuildPhase section */

/* Begin PBXGroup section */
		F252DD331EBEBC840001936F = {
			isa = PBXGroup;
			children = (
				F252DD3E1EBEBC840001936F /* LuYin */,
				F252DD3D1EBEBC840001936F /* Products */,
			);
			sourceTree = "<group>";
		};
		F252DD3D1EBEBC840001936F /* Products */ = {
			isa = PBXGroup;
			children = (
				F252DD3C1EBEBC840001936F /* LuYin.app */,
			);
			name = Products;
			sourceTree = "<group>";
		};
		F252DD3E1EBEBC840001936F /* LuYin */ = {
			isa = PBXGroup;
			children = (
				F252DD3F1EBEBC840001936F /* AppDelegate.swift */,
				F252DD411EBEBC840001936F /* ViewController.swift */,
				F252DD431EBEBC840001936F /* Main.storyboard */,
				F252DD461EBEBC840001936F /* Assets.xcassets */,
				F252DD481EBEBC840001936F /* LaunchScreen.storyboard */,
				F252DD4B1EBEBC840001936F /* Info.plist */,
			);
			path = LuYin;
			sourceTree = "<group>";
		};
/* End PBXGroup section */

/* Begin PBXNativeTarget section */
		F252DD3B1EBEBC840001936F /* LuYin */ = {
			isa = PBXNativeTarget;
			buildConfigurationList = F252DD4E1EBEBC840001936F /* Build configuration list for PBXNativeTarget "LuYin" */;
			buildPhases = (
				F252DD381EBEBC840001936F /* Sources */,
				F252DD391EBEBC840001936F /* Frameworks */,
				F252DD3A1EBEBC840001936F /* Resources */,
			);
			buildRules = (
			);
			dependencies = (
			);
			name = LuYin;
			productName = LuYin;
			productReference = F252DD3C1EBEBC840001936F /* LuYin.app */;
			productType = "com.apple.product-type.application";
		};
/* End PBXNativeTarget section */

/* Begin PBXProject section */
		F252DD341EBEBC840001936F /* Project object */ = {
			isa = PBXProject;
			attributes = {
				LastSwiftUpdateCheck = 0820;
				LastUpgradeCheck = 0820;
				ORGANIZATIONNAME = majun;
				TargetAttributes = {
					F252DD3B1EBEBC840001936F = {
						CreatedOnToolsVersion = 8.2.1;
						ProvisioningStyle = Automatic;
					};
				};
			};
			buildConfigurationList = F252DD371EBEBC840001936F /* Build configuration list for PBXProject "LuYin" */;
			compatibilityVersion = "Xcode 3.2";
			developmentRegion = English;
			hasScannedForEncodings = 0;
			knownRegions = (
				en,
				Base,
			);
			mainGroup = F252DD331EBEBC840001936F;
			productRefGroup = F252DD3D1EBEBC840001936F /* Products */;
			projectDirPath = "";
			projectRoot = "";
			targets = (
				F252DD3B1EBEBC840001936F /* LuYin */,
			);
		};
/* End PBXProject section */

/* Begin PBXResourcesBuildPhase section */
		F252DD3A1EBEBC840001936F /* Resources */ = {
			isa = PBXResourcesBuildPhase;
			buildActionMask = 2147483647;
			files = (
				F252DD4A1EBEBC840001936F /* LaunchScreen.storyboard in Resources */,
				F252DD471EBEBC840001936F /* Assets.xcassets in Resources */,
				F252DD451EBEBC840001936F /* Main.storyboard in Resources */,
			);
			runOnlyForDeploymentPostprocessing = 0;
		};
/* End PBXResourcesBuildPhase section */

/* Begin PBXSourcesBuildPhase section */
		F252DD381EBEBC840001936F /* Sources */ = {
			isa = PBXSourcesBuildPhase;
			buildActionMask = 2147483647;
			files = (
				F252DD421EBEBC840001936F /* ViewController.swift in Sources */,
				F252DD401EBEBC840001936F /* AppDelegate.swift in Sources */,
			);
			runOnlyForDeploymentPostprocessing = 0;
		};
/* End PBXSourcesBuildPhase section */

/* Begin PBXVariantGroup section */
		F252DD431EBEBC840001936F /* Main.storyboard */ = {
			isa = PBXVariantGroup;
			children = (
				F252DD441EBEBC840001936F /* Base */,
			);
			name = Main.storyboard;
			sourceTree = "<group>";
		};
		F252DD481EBEBC840001936F /* LaunchScreen.storyboard */ = {
			isa = PBXVariantGroup;
			children = (
				F252DD491EBEBC840001936F /* Base */,
			);
			name = LaunchScreen.storyboard;
			sourceTree = "<group>";
		};
/* End PBXVariantGroup section */

/* Begin XCBuildConfiguration section */
		F252DD4C1EBEBC840001936F /* Debug */ = {
			isa = XCBuildConfiguration;
			buildSettings = {
				ALWAYS_SEARCH_USER_PATHS = NO;
				CLANG_ANALYZER_NONNULL = YES;
				CLANG_CXX_LANGUAGE_STANDARD = "gnu++0x";
				CLANG_CXX_LIBRARY = "libc++";
				CLANG_ENABLE_MODULES = YES;
				CLANG_ENABLE_OBJC_ARC = YES;
				CLANG_WARN_BOOL_CONVERSION = YES;
				CLANG_WARN_CONSTANT_CONVERSION = YES;
				CLANG_WARN_DIRECT_OBJC_ISA_USAGE = YES_ERROR;
				CLANG_WARN_DOCUMENTATION_COMMENTS = YES;
				CLANG_WARN_EMPTY_BODY = YES;
				CLANG_WARN_ENUM_CONVERSION = YES;
				CLANG_WARN_INFINITE_RECURSION = YES;
				CLANG_WARN_INT_CONVERSION = YES;
				CLANG_WARN_OBJC_ROOT_CLASS = YES_ERROR;
				CLANG_WARN_SUSPICIOUS_MOVE = YES;
				CLANG_WARN_UNREACHABLE_CODE = YES;
				CLANG_WARN__DUPLICATE_METHOD_MATCH = YES;
				"CODE_SIGN_IDENTITY[sdk=iphoneos*]" = "iPhone Developer";
				COPY_PHASE_STRIP = NO;
				DEBUG_INFORMATION_FORMAT = dwarf;
				ENABLE_STRICT_OBJC_MSGSEND = YES;
				ENABLE_TESTABILITY = YES;
				GCC_C_LANGUAGE_STANDARD = gnu99;
				GCC_DYNAMIC_NO_PIC = NO;
				GCC_NO_COMMON_BLOCKS = YES;
				GCC_OPTIMIZATION_LEVEL = 0;
				GCC_PREPROCESSOR_DEFINITIONS = (
					"DEBUG=1",
					"$(inherited)",
				);
				GCC_WARN_64_TO_32_BIT_CONVERSION = YES;
				GCC_WARN_ABOUT_RETURN_TYPE = YES_ERROR;
				GCC_WARN_UNDECLARED_SELECTOR = YES;
				GCC_WARN_UNINITIALIZED_AUTOS = YES_AGGRESSIVE;
				GCC_WARN_UNUSED_FUNCTION = YES;
				GCC_WARN_UNUSED_VARIABLE = YES;
				IPHONEOS_DEPLOYMENT_TARGET = 10.2;
				MTL_ENABLE_DEBUG_INFO = YES;
				ONLY_ACTIVE_ARCH = YES;
				SDKROOT = iphoneos;
				SWIFT_ACTIVE_COMPILATION_CONDITIONS = DEBUG;
				SWIFT_OPTIMIZATION_LEVEL = "-Onone";
				TARGETED_DEVICE_FAMILY = "1,2";
			};
			name = Debug;
		};
		F252DD4D1EBEBC840001936F /* Release */ = {
			isa = XCBuildConfiguration;
			buildSettings = {
				ALWAYS_SEARCH_USER_PATHS = NO;
				CLANG_ANALYZER_NONNULL = YES;
				CLANG_CXX_LANGUAGE_STANDARD = "gnu++0x";
				CLANG_CXX_LIBRARY = "libc++";
				CLANG_ENABLE_MODULES = YES;
				CLANG_ENABLE_OBJC_ARC = YES;
				CLANG_WARN_BOOL_CONVERSION = YES;
				CLANG_WARN_CONSTANT_CONVERSION = YES;
				CLANG_WARN_DIRECT_OBJC_ISA_USAGE = YES_ERROR;
				CLANG_WARN_DOCUMENTATION_COMMENTS = YES;
				CLANG_WARN_EMPTY_BODY = YES;
				CLANG_WARN_ENUM_CONVERSION = YES;
				CLANG_WARN_INFINITE_RECURSION = YES;
				CLANG_WARN_INT_CONVERSION = YES;
				CLANG_WARN_OBJC_ROOT_CLASS = YES_ERROR;
				CLANG_WARN_SUSPICIOUS_MOVE = YES;
				CLANG_WARN_UNREACHABLE_CODE = YES;
				CLANG_WARN__DUPLICATE_METHOD_MATCH = YES;
				"CODE_SIGN_IDENTITY[sdk=iphoneos*]" = "iPhone Developer";
				COPY_PHASE_STRIP = NO;
				DEBUG_INFORMATION_FORMAT = "dwarf-with-dsym";
				ENABLE_NS_ASSERTIONS = NO;
				ENABLE_STRICT_OBJC_MSGSEND = YES;
				GCC_C_LANGUAGE_STANDARD = gnu99;
				GCC_NO_COMMON_BLOCKS = YES;
				GCC_WARN_64_TO_32_BIT_CONVERSION = YES;
				GCC_WARN_ABOUT_RETURN_TYPE = YES_ERROR;
				GCC_WARN_UNDECLARED_SELECTOR = YES;
				GCC_WARN_UNINITIALIZED_AUTOS = YES_AGGRESSIVE;
				GCC_WARN_UNUSED_FUNCTION = YES;
				GCC_WARN_UNUSED_VARIABLE = YES;
				IPHONEOS_DEPLOYMENT_TARGET = 10.2;
				MTL_ENABLE_DEBUG_INFO = NO;
				SDKROOT = iphoneos;
				SWIFT_OPTIMIZATION_LEVEL = "-Owholemodule";
				TARGETED_DEVICE_FAMILY = "1,2";
				VALIDATE_PRODUCT = YES;
			};
			name = Release;
		};
		F252DD4F1EBEBC840001936F /* Debug */ = {
			isa = XCBuildConfiguration;
			buildSettings = {
				ASSETCATALOG_COMPILER_APPICON_NAME = AppIcon;
				INFOPLIST_FILE = LuYin/Info.plist;
				LD_RUNPATH_SEARCH_PATHS = "$(inherited) @executable_path/Frameworks";
				PRODUCT_BUNDLE_IDENTIFIER = com.swift.LuYin;
				PRODUCT_NAME = "$(TARGET_NAME)";
				SWIFT_VERSION = 3.0;
			};
			name = Debug;
		};
		F252DD501EBEBC840001936F /* Release */ = {
			isa = XCBuildConfiguration;
			buildSettings = {
				ASSETCATALOG_COMPILER_APPICON_NAME = AppIcon;
				INFOPLIST_FILE = LuYin/Info.plist;
				LD_RUNPATH_SEARCH_PATHS = "$(inherited) @executable_path/Frameworks";
				PRODUCT_BUNDLE_IDENTIFIER = com.swift.LuYin;
				PRODUCT_NAME = "$(TARGET_NAME)";
				SWIFT_VERSION = 3.0;
			};
			name = Release;
		};
/* End XCBuildConfiguration section */

/* Begin XCConfigurationList section */
		F252DD371EBEBC840001936F /* Build configuration list for PBXProject "LuYin" */ = {
			isa = XCConfigurationList;
			buildConfigurations = (
				F252DD4C1EBEBC840001936F /* Debug */,
				F252DD4D1EBEBC840001936F /* Release */,
			);
			defaultConfigurationIsVisible = 0;
			defaultConfigurationName = Release;
		};
		F252DD4E1EBEBC840001936F /* Build configuration list for PBXNativeTarget "LuYin" */ = {
			isa = XCConfigurationList;
			buildConfigurations = (
				F252DD4F1EBEBC840001936F /* Debug */,
				F252DD501EBEBC840001936F /* Release */,
			);
			defaultConfigurationIsVisible = 0;
		};
/* End XCConfigurationList section */
	};
	rootObject = F252DD341EBEBC840001936F /* Project object */;
}
